
Microsoft Visual Studio Solution File, Format Version 12.00
# Visual Studio Version 17
VisualStudioVersion = 17.1.32319.34
MinimumVisualStudioVersion = 10.0.40219.1
Project("{FAE04EC0-301F-11D3-BF4B-00C04F79EFBC}") = "IceCreamProject", "IceCreamProject\IceCreamProject.csproj", "{00AA17C1-F774-48CF-B9E1-CB56B6111EB7}"
EndProject
Global
	GlobalSection(SolutionConfigurationPlatforms) = preSolution
		Debug|Any CPU = Debug|Any CPU
		Release|Any CPU = Release|Any CPU
	EndGlobalSection
	GlobalSection(ProjectConfigurationPlatforms) = postSolution
		{00AA17C1-F774-48CF-B9E1-CB56B6111EB7}.Debug|Any CPU.ActiveCfg = Debug|Any CPU
		{00AA17C1-F774-48CF-B9E1-CB56B6111EB7}.Debug|Any CPU.Build.0 = Debug|Any CPU
		{00AA17C1-F774-48CF-B9E1-CB56B6111EB7}.Release|Any CPU.ActiveCfg = Release|Any CPU
		{00AA17C1-F774-48CF-B9E1-CB56B6111EB7}.Release|Any CPU.Build.0 = Release|Any CPU
	EndGlobalSection
	GlobalSection(SolutionProperties) = preSolution
		HideSolutionNode = FALSE
	EndGlobalSection
	GlobalSection(ExtensibilityGlobals) = postSolution
		SolutionGuid = {546694AF-A652-4A9A-8B90-4133DD9A934B}
	EndGlobalSection
EndGlobal
